
Microsoft Visual Studio Solution File, Format Version 12.00
# Visual Studio Version 17
VisualStudioVersion = 17.9.34902.65
MinimumVisualStudioVersion = 10.0.40219.1
Project("{FAE04EC0-301F-11D3-BF4B-00C04F79EFBC}") = "RSAEncryptionTool Security", "RSAEncryptionTool Security\RSAEncryptionTool Security.csproj", "{3BCAA3B4-6A05-4E79-ADB5-EBFB1D338A5B}"
EndProject
Global
	GlobalSection(SolutionConfigurationPlatforms) = preSolution
		Debug|Any CPU = Debug|Any CPU
		Release|Any CPU = Release|Any CPU
	EndGlobalSection
	GlobalSection(ProjectConfigurationPlatforms) = postSolution
		{3BCAA3B4-6A05-4E79-ADB5-EBFB1D338A5B}.Debug|Any CPU.ActiveCfg = Debug|Any CPU
		{3BCAA3B4-6A05-4E79-ADB5-EBFB1D338A5B}.Debug|Any CPU.Build.0 = Debug|Any CPU
		{3BCAA3B4-6A05-4E79-ADB5-EBFB1D338A5B}.Release|Any CPU.ActiveCfg = Release|Any CPU
		{3BCAA3B4-6A05-4E79-ADB5-EBFB1D338A5B}.Release|Any CPU.Build.0 = Release|Any CPU
	EndGlobalSection
	GlobalSection(SolutionProperties) = preSolution
		HideSolutionNode = FALSE
	EndGlobalSection
	GlobalSection(ExtensibilityGlobals) = postSolution
		SolutionGuid = {B148C3B1-814D-4B8E-BF37-166EF7486C7D}
	EndGlobalSection
EndGlobal
